
Microsoft Visual Studio Solution File, Format Version 12.00
# Visual Studio Version 16
VisualStudioVersion = 16.0.31129.286
MinimumVisualStudioVersion = 10.0.40219.1
Project("{2150E333-8FDC-42A3-9474-1A3956D46DE8}") = "Services", "Services", "{3C93EB6F-91A3-4F1E-B840-A57DC1790675}"
EndProject
Project("{2150E333-8FDC-42A3-9474-1A3956D46DE8}") = "src", "src", "{F0A0D9BE-7369-438D-A185-7AADCCA954D1}"
EndProject
Project("{2150E333-8FDC-42A3-9474-1A3956D46DE8}") = "test", "test", "{8B8AF9A5-BDE6-4C30-BE15-6C898D224979}"
EndProject
Project("{2150E333-8FDC-42A3-9474-1A3956D46DE8}") = "Infra", "Infra", "{9CAAB0EA-35AD-4DDF-81D7-BEE52E626BEA}"
EndProject
Project("{2150E333-8FDC-42A3-9474-1A3956D46DE8}") = "Application", "Application", "{8D9B766B-9CFD-46E6-8CB5-928EBF2A0231}"
EndProject
Project("{2150E333-8FDC-42A3-9474-1A3956D46DE8}") = "Domain", "Domain", "{6509766B-7093-4BE3-AEE0-50CA31F27B51}"
EndProject
Project("{9A19103F-16F7-4668-BE54-9A1E7A4F7556}") = "AuthenticationService", "src\AuthenticationService\AuthenticationService.csproj", "{BA1CCF4D-CA43-4F5A-BED7-8A7EA1894290}"
EndProject
Project("{9A19103F-16F7-4668-BE54-9A1E7A4F7556}") = "AuthenticationService.Infra.IoC", "src\AuthenticationService.Infra.IoC\AuthenticationService.Infra.IoC.csproj", "{F6AE2240-04F4-4901-B703-50E850F91224}"
EndProject
Project("{9A19103F-16F7-4668-BE54-9A1E7A4F7556}") = "AuthenticationService.Infra.Data", "src\AuthenticationService.Infra.Data\AuthenticationService.Infra.Data.csproj", "{F42A0AC1-BFE6-4F83-822A-720DB080A10D}"
EndProject
Project("{9A19103F-16F7-4668-BE54-9A1E7A4F7556}") = "AuthenticationService.Application", "src\AuthenticationService.Application\AuthenticationService.Application.csproj", "{0730EB54-DD1A-4EC4-AAE1-9946AFBFBAE0}"
EndProject
Project("{9A19103F-16F7-4668-BE54-9A1E7A4F7556}") = "AuthenticationService.Domain", "src\AuthenticationService.Domain\AuthenticationService.Domain.csproj", "{AC16713D-9B94-4C12-AD95-1179BC927442}"
EndProject
Global
	GlobalSection(SolutionConfigurationPlatforms) = preSolution
		Debug|Any CPU = Debug|Any CPU
		Debug|x64 = Debug|x64
		Release|Any CPU = Release|Any CPU
		Release|x64 = Release|x64
	EndGlobalSection
	GlobalSection(ProjectConfigurationPlatforms) = postSolution
		{BA1CCF4D-CA43-4F5A-BED7-8A7EA1894290}.Debug|Any CPU.ActiveCfg = Debug|Any CPU
		{BA1CCF4D-CA43-4F5A-BED7-8A7EA1894290}.Debug|Any CPU.Build.0 = Debug|Any CPU
		{BA1CCF4D-CA43-4F5A-BED7-8A7EA1894290}.Debug|x64.ActiveCfg = Debug|x64
		{BA1CCF4D-CA43-4F5A-BED7-8A7EA1894290}.Debug|x64.Build.0 = Debug|x64
		{BA1CCF4D-CA43-4F5A-BED7-8A7EA1894290}.Release|Any CPU.ActiveCfg = Release|Any CPU
		{BA1CCF4D-CA43-4F5A-BED7-8A7EA1894290}.Release|Any CPU.Build.0 = Release|Any CPU
		{BA1CCF4D-CA43-4F5A-BED7-8A7EA1894290}.Release|x64.ActiveCfg = Release|x64
		{BA1CCF4D-CA43-4F5A-BED7-8A7EA1894290}.Release|x64.Build.0 = Release|x64
		{F6AE2240-04F4-4901-B703-50E850F91224}.Debug|Any CPU.ActiveCfg = Debug|Any CPU
		{F6AE2240-04F4-4901-B703-50E850F91224}.Debug|Any CPU.Build.0 = Debug|Any CPU
		{F6AE2240-04F4-4901-B703-50E850F91224}.Debug|x64.ActiveCfg = Debug|Any CPU
		{F6AE2240-04F4-4901-B703-50E850F91224}.Debug|x64.Build.0 = Debug|Any CPU
		{F6AE2240-04F4-4901-B703-50E850F91224}.Release|Any CPU.ActiveCfg = Release|Any CPU
		{F6AE2240-04F4-4901-B703-50E850F91224}.Release|Any CPU.Build.0 = Release|Any CPU
		{F6AE2240-04F4-4901-B703-50E850F91224}.Release|x64.ActiveCfg = Release|Any CPU
		{F6AE2240-04F4-4901-B703-50E850F91224}.Release|x64.Build.0 = Release|Any CPU
		{F42A0AC1-BFE6-4F83-822A-720DB080A10D}.Debug|Any CPU.ActiveCfg = Debug|Any CPU
		{F42A0AC1-BFE6-4F83-822A-720DB080A10D}.Debug|Any CPU.Build.0 = Debug|Any CPU
		{F42A0AC1-BFE6-4F83-822A-720DB080A10D}.Debug|x64.ActiveCfg = Debug|x64
		{F42A0AC1-BFE6-4F83-822A-720DB080A10D}.Debug|x64.Build.0 = Debug|x64
		{F42A0AC1-BFE6-4F83-822A-720DB080A10D}.Release|Any CPU.ActiveCfg = Release|Any CPU
		{F42A0AC1-BFE6-4F83-822A-720DB080A10D}.Release|Any CPU.Build.0 = Release|Any CPU
		{F42A0AC1-BFE6-4F83-822A-720DB080A10D}.Release|x64.ActiveCfg = Release|x64
		{F42A0AC1-BFE6-4F83-822A-720DB080A10D}.Release|x64.Build.0 = Release|x64
		{0730EB54-DD1A-4EC4-AAE1-9946AFBFBAE0}.Debug|Any CPU.ActiveCfg = Debug|Any CPU
		{0730EB54-DD1A-4EC4-AAE1-9946AFBFBAE0}.Debug|Any CPU.Build.0 = Debug|Any CPU
		{0730EB54-DD1A-4EC4-AAE1-9946AFBFBAE0}.Debug|x64.ActiveCfg = Debug|Any CPU
		{0730EB54-DD1A-4EC4-AAE1-9946AFBFBAE0}.Debug|x64.Build.0 = Debug|Any CPU
		{0730EB54-DD1A-4EC4-AAE1-9946AFBFBAE0}.Release|Any CPU.ActiveCfg = Release|Any CPU
		{0730EB54-DD1A-4EC4-AAE1-9946AFBFBAE0}.Release|Any CPU.Build.0 = Release|Any CPU
		{0730EB54-DD1A-4EC4-AAE1-9946AFBFBAE0}.Release|x64.ActiveCfg = Release|Any CPU
		{0730EB54-DD1A-4EC4-AAE1-9946AFBFBAE0}.Release|x64.Build.0 = Release|Any CPU
		{AC16713D-9B94-4C12-AD95-1179BC927442}.Debug|Any CPU.ActiveCfg = Debug|Any CPU
		{AC16713D-9B94-4C12-AD95-1179BC927442}.Debug|Any CPU.Build.0 = Debug|Any CPU
		{AC16713D-9B94-4C12-AD95-1179BC927442}.Debug|x64.ActiveCfg = Debug|Any CPU
		{AC16713D-9B94-4C12-AD95-1179BC927442}.Debug|x64.Build.0 = Debug|Any CPU
		{AC16713D-9B94-4C12-AD95-1179BC927442}.Release|Any CPU.ActiveCfg = Release|Any CPU
		{AC16713D-9B94-4C12-AD95-1179BC927442}.Release|Any CPU.Build.0 = Release|Any CPU
		{AC16713D-9B94-4C12-AD95-1179BC927442}.Release|x64.ActiveCfg = Release|Any CPU
		{AC16713D-9B94-4C12-AD95-1179BC927442}.Release|x64.Build.0 = Release|Any CPU
	EndGlobalSection
	GlobalSection(SolutionProperties) = preSolution
		HideSolutionNode = FALSE
	EndGlobalSection
	GlobalSection(NestedProjects) = preSolution
		{3C93EB6F-91A3-4F1E-B840-A57DC1790675} = {F0A0D9BE-7369-438D-A185-7AADCCA954D1}
		{9CAAB0EA-35AD-4DDF-81D7-BEE52E626BEA} = {F0A0D9BE-7369-438D-A185-7AADCCA954D1}
		{8D9B766B-9CFD-46E6-8CB5-928EBF2A0231} = {F0A0D9BE-7369-438D-A185-7AADCCA954D1}
		{6509766B-7093-4BE3-AEE0-50CA31F27B51} = {F0A0D9BE-7369-438D-A185-7AADCCA954D1}
		{BA1CCF4D-CA43-4F5A-BED7-8A7EA1894290} = {3C93EB6F-91A3-4F1E-B840-A57DC1790675}
		{F6AE2240-04F4-4901-B703-50E850F91224} = {9CAAB0EA-35AD-4DDF-81D7-BEE52E626BEA}
		{F42A0AC1-BFE6-4F83-822A-720DB080A10D} = {9CAAB0EA-35AD-4DDF-81D7-BEE52E626BEA}
		{0730EB54-DD1A-4EC4-AAE1-9946AFBFBAE0} = {8D9B766B-9CFD-46E6-8CB5-928EBF2A0231}
		{AC16713D-9B94-4C12-AD95-1179BC927442} = {6509766B-7093-4BE3-AEE0-50CA31F27B51}
	EndGlobalSection
	GlobalSection(ExtensibilityGlobals) = postSolution
		SolutionGuid = {918D184A-1D5C-47AA-9B65-075519984574}
	EndGlobalSection
EndGlobal
